
Microsoft Visual Studio Solution File, Format Version 12.00
# Visual Studio Version 17
VisualStudioVersion = 17.9.34728.123
MinimumVisualStudioVersion = 10.0.40219.1
Project("{FAE04EC0-301F-11D3-BF4B-00C04F79EFBC}") = "WebApplication2", "WebApplication2.csproj", "{363FAB39-8187-4BCB-B141-F0D5312859B1}"
EndProject
Global
	GlobalSection(SolutionConfigurationPlatforms) = preSolution
		Debug|Any CPU = Debug|Any CPU
		Release|Any CPU = Release|Any CPU
	EndGlobalSection
	GlobalSection(ProjectConfigurationPlatforms) = postSolution
		{363FAB39-8187-4BCB-B141-F0D5312859B1}.Debug|Any CPU.ActiveCfg = Debug|Any CPU
		{363FAB39-8187-4BCB-B141-F0D5312859B1}.Debug|Any CPU.Build.0 = Debug|Any CPU
		{363FAB39-8187-4BCB-B141-F0D5312859B1}.Release|Any CPU.ActiveCfg = Release|Any CPU
		{363FAB39-8187-4BCB-B141-F0D5312859B1}.Release|Any CPU.Build.0 = Release|Any CPU
	EndGlobalSection
	GlobalSection(SolutionProperties) = preSolution
		HideSolutionNode = FALSE
	EndGlobalSection
	GlobalSection(ExtensibilityGlobals) = postSolution
		SolutionGuid = {BC89A7B5-01E1-4B3A-9560-7A720EA6593F}
	EndGlobalSection
EndGlobal
