
Microsoft Visual Studio Solution File, Format Version 12.00
# Visual Studio Version 17
VisualStudioVersion = 17.0.31903.59
MinimumVisualStudioVersion = 10.0.40219.1
Project("{FAE04EC0-301F-11D3-BF4B-00C04F79EFBC}") = "Q1", "Q1\Q1.csproj", "{4CA29CF7-3BD1-4415-AF64-3C08AC7693FD}"
EndProject
Project("{FAE04EC0-301F-11D3-BF4B-00C04F79EFBC}") = "demo", "demo\demo.csproj", "{814EF79B-95AA-4A9A-8113-49A987C9E136}"
EndProject
Project("{FAE04EC0-301F-11D3-BF4B-00C04F79EFBC}") = "Q2", "Q2\Q2.csproj", "{8542A371-33D2-457C-8BA2-9CA6F4E970B5}"
EndProject
Project("{FAE04EC0-301F-11D3-BF4B-00C04F79EFBC}") = "Q3", "Q3\Q3.csproj", "{7C168A86-7070-4E16-8780-398889C98A32}"
EndProject
Project("{FAE04EC0-301F-11D3-BF4B-00C04F79EFBC}") = "Q4", "Q4\Q4.csproj", "{4E7BAD80-DB5B-4FF2-B85F-D1A8D6709004}"
EndProject
Project("{FAE04EC0-301F-11D3-BF4B-00C04F79EFBC}") = "Q5", "Q5\Q5.csproj", "{6D21703A-DAD8-492E-B0B2-DEBF9A3EE6C1}"
EndProject
Project("{FAE04EC0-301F-11D3-BF4B-00C04F79EFBC}") = "Emp", "Emp\Emp.csproj", "{10DCA122-3594-49C2-BB06-292A6C7490D0}"
EndProject
Project("{FAE04EC0-301F-11D3-BF4B-00C04F79EFBC}") = "string", "string\string.csproj", "{8BA25DDE-6AA1-467A-8709-7D9F686FFD65}"
EndProject
Project("{FAE04EC0-301F-11D3-BF4B-00C04F79EFBC}") = "maxmin", "maxmin\maxmin.csproj", "{55BAE6F2-86FF-4618-B4B1-39BAF1F37339}"
EndProject
Project("{FAE04EC0-301F-11D3-BF4B-00C04F79EFBC}") = "Darshan", "Darshan\Darshan.csproj", "{2A746F29-DDC2-4A72-9DD2-59D58F192A89}"
EndProject
Project("{FAE04EC0-301F-11D3-BF4B-00C04F79EFBC}") = "main", "main\main.csproj", "{AC2AE1C4-E8FF-469F-9C2B-432CF2819BDA}"
EndProject
Project("{FAE04EC0-301F-11D3-BF4B-00C04F79EFBC}") = "revised", "revised\revised.csproj", "{4A421D22-7AF5-42CB-B9E4-B9085502BA17}"
EndProject
Project("{FAE04EC0-301F-11D3-BF4B-00C04F79EFBC}") = "space", "space\space.csproj", "{8A7909DF-1777-411B-A700-9589B2E7252C}"
EndProject
Project("{FAE04EC0-301F-11D3-BF4B-00C04F79EFBC}") = "acc", "acc\acc.csproj", "{FCA5CDF6-2D77-4743-BDCA-921E34B8C8D5}"
EndProject
Global
	GlobalSection(SolutionConfigurationPlatforms) = preSolution
		Debug|Any CPU = Debug|Any CPU
		Release|Any CPU = Release|Any CPU
	EndGlobalSection
	GlobalSection(SolutionProperties) = preSolution
		HideSolutionNode = FALSE
	EndGlobalSection
	GlobalSection(ProjectConfigurationPlatforms) = postSolution
		{4CA29CF7-3BD1-4415-AF64-3C08AC7693FD}.Debug|Any CPU.ActiveCfg = Debug|Any CPU
		{4CA29CF7-3BD1-4415-AF64-3C08AC7693FD}.Debug|Any CPU.Build.0 = Debug|Any CPU
		{4CA29CF7-3BD1-4415-AF64-3C08AC7693FD}.Release|Any CPU.ActiveCfg = Release|Any CPU
		{4CA29CF7-3BD1-4415-AF64-3C08AC7693FD}.Release|Any CPU.Build.0 = Release|Any CPU
		{814EF79B-95AA-4A9A-8113-49A987C9E136}.Debug|Any CPU.ActiveCfg = Debug|Any CPU
		{814EF79B-95AA-4A9A-8113-49A987C9E136}.Debug|Any CPU.Build.0 = Debug|Any CPU
		{814EF79B-95AA-4A9A-8113-49A987C9E136}.Release|Any CPU.ActiveCfg = Release|Any CPU
		{814EF79B-95AA-4A9A-8113-49A987C9E136}.Release|Any CPU.Build.0 = Release|Any CPU
		{8542A371-33D2-457C-8BA2-9CA6F4E970B5}.Debug|Any CPU.ActiveCfg = Debug|Any CPU
		{8542A371-33D2-457C-8BA2-9CA6F4E970B5}.Debug|Any CPU.Build.0 = Debug|Any CPU
		{8542A371-33D2-457C-8BA2-9CA6F4E970B5}.Release|Any CPU.ActiveCfg = Release|Any CPU
		{8542A371-33D2-457C-8BA2-9CA6F4E970B5}.Release|Any CPU.Build.0 = Release|Any CPU
		{7C168A86-7070-4E16-8780-398889C98A32}.Debug|Any CPU.ActiveCfg = Debug|Any CPU
		{7C168A86-7070-4E16-8780-398889C98A32}.Debug|Any CPU.Build.0 = Debug|Any CPU
		{7C168A86-7070-4E16-8780-398889C98A32}.Release|Any CPU.ActiveCfg = Release|Any CPU
		{7C168A86-7070-4E16-8780-398889C98A32}.Release|Any CPU.Build.0 = Release|Any CPU
		{4E7BAD80-DB5B-4FF2-B85F-D1A8D6709004}.Debug|Any CPU.ActiveCfg = Debug|Any CPU
		{4E7BAD80-DB5B-4FF2-B85F-D1A8D6709004}.Debug|Any CPU.Build.0 = Debug|Any CPU
		{4E7BAD80-DB5B-4FF2-B85F-D1A8D6709004}.Release|Any CPU.ActiveCfg = Release|Any CPU
		{4E7BAD80-DB5B-4FF2-B85F-D1A8D6709004}.Release|Any CPU.Build.0 = Release|Any CPU
		{6D21703A-DAD8-492E-B0B2-DEBF9A3EE6C1}.Debug|Any CPU.ActiveCfg = Debug|Any CPU
		{6D21703A-DAD8-492E-B0B2-DEBF9A3EE6C1}.Debug|Any CPU.Build.0 = Debug|Any CPU
		{6D21703A-DAD8-492E-B0B2-DEBF9A3EE6C1}.Release|Any CPU.ActiveCfg = Release|Any CPU
		{6D21703A-DAD8-492E-B0B2-DEBF9A3EE6C1}.Release|Any CPU.Build.0 = Release|Any CPU
		{10DCA122-3594-49C2-BB06-292A6C7490D0}.Debug|Any CPU.ActiveCfg = Debug|Any CPU
		{10DCA122-3594-49C2-BB06-292A6C7490D0}.Debug|Any CPU.Build.0 = Debug|Any CPU
		{10DCA122-3594-49C2-BB06-292A6C7490D0}.Release|Any CPU.ActiveCfg = Release|Any CPU
		{10DCA122-3594-49C2-BB06-292A6C7490D0}.Release|Any CPU.Build.0 = Release|Any CPU
		{8BA25DDE-6AA1-467A-8709-7D9F686FFD65}.Debug|Any CPU.ActiveCfg = Debug|Any CPU
		{8BA25DDE-6AA1-467A-8709-7D9F686FFD65}.Debug|Any CPU.Build.0 = Debug|Any CPU
		{8BA25DDE-6AA1-467A-8709-7D9F686FFD65}.Release|Any CPU.ActiveCfg = Release|Any CPU
		{8BA25DDE-6AA1-467A-8709-7D9F686FFD65}.Release|Any CPU.Build.0 = Release|Any CPU
		{55BAE6F2-86FF-4618-B4B1-39BAF1F37339}.Debug|Any CPU.ActiveCfg = Debug|Any CPU
		{55BAE6F2-86FF-4618-B4B1-39BAF1F37339}.Debug|Any CPU.Build.0 = Debug|Any CPU
		{55BAE6F2-86FF-4618-B4B1-39BAF1F37339}.Release|Any CPU.ActiveCfg = Release|Any CPU
		{55BAE6F2-86FF-4618-B4B1-39BAF1F37339}.Release|Any CPU.Build.0 = Release|Any CPU
		{2A746F29-DDC2-4A72-9DD2-59D58F192A89}.Debug|Any CPU.ActiveCfg = Debug|Any CPU
		{2A746F29-DDC2-4A72-9DD2-59D58F192A89}.Debug|Any CPU.Build.0 = Debug|Any CPU
		{2A746F29-DDC2-4A72-9DD2-59D58F192A89}.Release|Any CPU.ActiveCfg = Release|Any CPU
		{2A746F29-DDC2-4A72-9DD2-59D58F192A89}.Release|Any CPU.Build.0 = Release|Any CPU
		{AC2AE1C4-E8FF-469F-9C2B-432CF2819BDA}.Debug|Any CPU.ActiveCfg = Debug|Any CPU
		{AC2AE1C4-E8FF-469F-9C2B-432CF2819BDA}.Debug|Any CPU.Build.0 = Debug|Any CPU
		{AC2AE1C4-E8FF-469F-9C2B-432CF2819BDA}.Release|Any CPU.ActiveCfg = Release|Any CPU
		{AC2AE1C4-E8FF-469F-9C2B-432CF2819BDA}.Release|Any CPU.Build.0 = Release|Any CPU
		{4A421D22-7AF5-42CB-B9E4-B9085502BA17}.Debug|Any CPU.ActiveCfg = Debug|Any CPU
		{4A421D22-7AF5-42CB-B9E4-B9085502BA17}.Debug|Any CPU.Build.0 = Debug|Any CPU
		{4A421D22-7AF5-42CB-B9E4-B9085502BA17}.Release|Any CPU.ActiveCfg = Release|Any CPU
		{4A421D22-7AF5-42CB-B9E4-B9085502BA17}.Release|Any CPU.Build.0 = Release|Any CPU
		{8A7909DF-1777-411B-A700-9589B2E7252C}.Debug|Any CPU.ActiveCfg = Debug|Any CPU
		{8A7909DF-1777-411B-A700-9589B2E7252C}.Debug|Any CPU.Build.0 = Debug|Any CPU
		{8A7909DF-1777-411B-A700-9589B2E7252C}.Release|Any CPU.ActiveCfg = Release|Any CPU
		{8A7909DF-1777-411B-A700-9589B2E7252C}.Release|Any CPU.Build.0 = Release|Any CPU
		{FCA5CDF6-2D77-4743-BDCA-921E34B8C8D5}.Debug|Any CPU.ActiveCfg = Debug|Any CPU
		{FCA5CDF6-2D77-4743-BDCA-921E34B8C8D5}.Debug|Any CPU.Build.0 = Debug|Any CPU
		{FCA5CDF6-2D77-4743-BDCA-921E34B8C8D5}.Release|Any CPU.ActiveCfg = Release|Any CPU
		{FCA5CDF6-2D77-4743-BDCA-921E34B8C8D5}.Release|Any CPU.Build.0 = Release|Any CPU
	EndGlobalSection
EndGlobal
