
Microsoft Visual Studio Solution File, Format Version 12.00
# Visual Studio Version 17
VisualStudioVersion = 17.9.34728.123
MinimumVisualStudioVersion = 10.0.40219.1
Project("{FAE04EC0-301F-11D3-BF4B-00C04F79EFBC}") = "DB1", "DB1\DB1.csproj", "{7C493F33-F553-4F00-ACA3-86E664F112E8}"
EndProject
Global
	GlobalSection(SolutionConfigurationPlatforms) = preSolution
		Debug|Any CPU = Debug|Any CPU
		Release|Any CPU = Release|Any CPU
	EndGlobalSection
	GlobalSection(ProjectConfigurationPlatforms) = postSolution
		{7C493F33-F553-4F00-ACA3-86E664F112E8}.Debug|Any CPU.ActiveCfg = Debug|Any CPU
		{7C493F33-F553-4F00-ACA3-86E664F112E8}.Debug|Any CPU.Build.0 = Debug|Any CPU
		{7C493F33-F553-4F00-ACA3-86E664F112E8}.Release|Any CPU.ActiveCfg = Release|Any CPU
		{7C493F33-F553-4F00-ACA3-86E664F112E8}.Release|Any CPU.Build.0 = Release|Any CPU
	EndGlobalSection
	GlobalSection(SolutionProperties) = preSolution
		HideSolutionNode = FALSE
	EndGlobalSection
	GlobalSection(ExtensibilityGlobals) = postSolution
		SolutionGuid = {63AEFE8B-51BE-4430-B7B1-EEA3DABF469C}
	EndGlobalSection
EndGlobal
