
Microsoft Visual Studio Solution File, Format Version 12.00
# Visual Studio Version 17
VisualStudioVersion = 17.9.34728.123
MinimumVisualStudioVersion = 10.0.40219.1
Project("{FAE04EC0-301F-11D3-BF4B-00C04F79EFBC}") = "Q4", "Q4\Q4.csproj", "{72DD4BE6-5BBA-4D68-9878-5EA071AF3C72}"
EndProject
Global
	GlobalSection(SolutionConfigurationPlatforms) = preSolution
		Debug|Any CPU = Debug|Any CPU
		Release|Any CPU = Release|Any CPU
	EndGlobalSection
	GlobalSection(ProjectConfigurationPlatforms) = postSolution
		{72DD4BE6-5BBA-4D68-9878-5EA071AF3C72}.Debug|Any CPU.ActiveCfg = Debug|Any CPU
		{72DD4BE6-5BBA-4D68-9878-5EA071AF3C72}.Debug|Any CPU.Build.0 = Debug|Any CPU
		{72DD4BE6-5BBA-4D68-9878-5EA071AF3C72}.Release|Any CPU.ActiveCfg = Release|Any CPU
		{72DD4BE6-5BBA-4D68-9878-5EA071AF3C72}.Release|Any CPU.Build.0 = Release|Any CPU
	EndGlobalSection
	GlobalSection(SolutionProperties) = preSolution
		HideSolutionNode = FALSE
	EndGlobalSection
	GlobalSection(ExtensibilityGlobals) = postSolution
		SolutionGuid = {D856F4BB-3DAE-4C6F-966C-A982A498654F}
	EndGlobalSection
EndGlobal
