
Microsoft Visual Studio Solution File, Format Version 12.00
# Visual Studio Version 17
VisualStudioVersion = 17.9.34728.123
MinimumVisualStudioVersion = 10.0.40219.1
Project("{FAE04EC0-301F-11D3-BF4B-00C04F79EFBC}") = "ConsoleApp1", "ConsoleApp1.csproj", "{CD11DE35-6CE4-4512-A823-08652A6FB7C8}"
EndProject
Global
	GlobalSection(SolutionConfigurationPlatforms) = preSolution
		Debug|Any CPU = Debug|Any CPU
		Release|Any CPU = Release|Any CPU
	EndGlobalSection
	GlobalSection(ProjectConfigurationPlatforms) = postSolution
		{CD11DE35-6CE4-4512-A823-08652A6FB7C8}.Debug|Any CPU.ActiveCfg = Debug|Any CPU
		{CD11DE35-6CE4-4512-A823-08652A6FB7C8}.Debug|Any CPU.Build.0 = Debug|Any CPU
		{CD11DE35-6CE4-4512-A823-08652A6FB7C8}.Release|Any CPU.ActiveCfg = Release|Any CPU
		{CD11DE35-6CE4-4512-A823-08652A6FB7C8}.Release|Any CPU.Build.0 = Release|Any CPU
	EndGlobalSection
	GlobalSection(SolutionProperties) = preSolution
		HideSolutionNode = FALSE
	EndGlobalSection
	GlobalSection(ExtensibilityGlobals) = postSolution
		SolutionGuid = {382DBA53-BADD-4713-8025-FEB70AB7F41E}
	EndGlobalSection
EndGlobal
